
Microsoft Visual Studio Solution File, Format Version 12.00
# Visual Studio Version 17
VisualStudioVersion = 17.0.31903.59
MinimumVisualStudioVersion = 10.0.40219.1
Project("{2150E333-8FDC-42A3-9474-1A3956D46DE8}") = "src", "src", "{827E0CD3-B72D-47B6-A68D-7590B98EB39B}"
EndProject
Project("{FAE04EC0-301F-11D3-BF4B-00C04F79EFBC}") = "PetAdopt.Domain", "src\PetAdopt.Domain\PetAdopt.Domain.csproj", "{33243B34-5D08-42C5-80B7-EDEB5476032B}"
EndProject
Project("{FAE04EC0-301F-11D3-BF4B-00C04F79EFBC}") = "PetAdopt.Data", "src\PetAdopt.Data\PetAdopt.Data.csproj", "{510A211C-A17E-4875-9D04-8FB11851D485}"
EndProject
Project("{FAE04EC0-301F-11D3-BF4B-00C04F79EFBC}") = "PetAdopt.Application", "src\PetAdopt.Application\PetAdopt.Application.csproj", "{DBE41FE6-429F-4B7F-9175-10F3273BDB13}"
EndProject
Project("{FAE04EC0-301F-11D3-BF4B-00C04F79EFBC}") = "PetAdopt.Web", "src\PetAdopt.Web\PetAdopt.Web.csproj", "{C798C849-9225-4D43-809E-A038ECD0D7F2}"
EndProject
Project("{2150E333-8FDC-42A3-9474-1A3956D46DE8}") = "tests", "tests", "{0AB3BF05-4346-4AA6-1389-037BE0695223}"
EndProject
Project("{FAE04EC0-301F-11D3-BF4B-00C04F79EFBC}") = "PetAdopt.Tests", "tests\PetAdopt.Tests\PetAdopt.Tests.csproj", "{C7E323FB-7FC8-413A-A556-F68E51527D52}"
EndProject
Global
	GlobalSection(SolutionConfigurationPlatforms) = preSolution
		Debug|Any CPU = Debug|Any CPU
		Debug|x64 = Debug|x64
		Debug|x86 = Debug|x86
		Release|Any CPU = Release|Any CPU
		Release|x64 = Release|x64
		Release|x86 = Release|x86
	EndGlobalSection
	GlobalSection(ProjectConfigurationPlatforms) = postSolution
		{33243B34-5D08-42C5-80B7-EDEB5476032B}.Debug|Any CPU.ActiveCfg = Debug|Any CPU
		{33243B34-5D08-42C5-80B7-EDEB5476032B}.Debug|Any CPU.Build.0 = Debug|Any CPU
		{33243B34-5D08-42C5-80B7-EDEB5476032B}.Debug|x64.ActiveCfg = Debug|Any CPU
		{33243B34-5D08-42C5-80B7-EDEB5476032B}.Debug|x64.Build.0 = Debug|Any CPU
		{33243B34-5D08-42C5-80B7-EDEB5476032B}.Debug|x86.ActiveCfg = Debug|Any CPU
		{33243B34-5D08-42C5-80B7-EDEB5476032B}.Debug|x86.Build.0 = Debug|Any CPU
		{33243B34-5D08-42C5-80B7-EDEB5476032B}.Release|Any CPU.ActiveCfg = Release|Any CPU
		{33243B34-5D08-42C5-80B7-EDEB5476032B}.Release|Any CPU.Build.0 = Release|Any CPU
		{33243B34-5D08-42C5-80B7-EDEB5476032B}.Release|x64.ActiveCfg = Release|Any CPU
		{33243B34-5D08-42C5-80B7-EDEB5476032B}.Release|x64.Build.0 = Release|Any CPU
		{33243B34-5D08-42C5-80B7-EDEB5476032B}.Release|x86.ActiveCfg = Release|Any CPU
		{33243B34-5D08-42C5-80B7-EDEB5476032B}.Release|x86.Build.0 = Release|Any CPU
		{510A211C-A17E-4875-9D04-8FB11851D485}.Debug|Any CPU.ActiveCfg = Debug|Any CPU
		{510A211C-A17E-4875-9D04-8FB11851D485}.Debug|Any CPU.Build.0 = Debug|Any CPU
		{510A211C-A17E-4875-9D04-8FB11851D485}.Debug|x64.ActiveCfg = Debug|Any CPU
		{510A211C-A17E-4875-9D04-8FB11851D485}.Debug|x64.Build.0 = Debug|Any CPU
		{510A211C-A17E-4875-9D04-8FB11851D485}.Debug|x86.ActiveCfg = Debug|Any CPU
		{510A211C-A17E-4875-9D04-8FB11851D485}.Debug|x86.Build.0 = Debug|Any CPU
		{510A211C-A17E-4875-9D04-8FB11851D485}.Release|Any CPU.ActiveCfg = Release|Any CPU
		{510A211C-A17E-4875-9D04-8FB11851D485}.Release|Any CPU.Build.0 = Release|Any CPU
		{510A211C-A17E-4875-9D04-8FB11851D485}.Release|x64.ActiveCfg = Release|Any CPU
		{510A211C-A17E-4875-9D04-8FB11851D485}.Release|x64.Build.0 = Release|Any CPU
		{510A211C-A17E-4875-9D04-8FB11851D485}.Release|x86.ActiveCfg = Release|Any CPU
		{510A211C-A17E-4875-9D04-8FB11851D485}.Release|x86.Build.0 = Release|Any CPU
		{DBE41FE6-429F-4B7F-9175-10F3273BDB13}.Debug|Any CPU.ActiveCfg = Debug|Any CPU
		{DBE41FE6-429F-4B7F-9175-10F3273BDB13}.Debug|Any CPU.Build.0 = Debug|Any CPU
		{DBE41FE6-429F-4B7F-9175-10F3273BDB13}.Debug|x64.ActiveCfg = Debug|Any CPU
		{DBE41FE6-429F-4B7F-9175-10F3273BDB13}.Debug|x64.Build.0 = Debug|Any CPU
		{DBE41FE6-429F-4B7F-9175-10F3273BDB13}.Debug|x86.ActiveCfg = Debug|Any CPU
		{DBE41FE6-429F-4B7F-9175-10F3273BDB13}.Debug|x86.Build.0 = Debug|Any CPU
		{DBE41FE6-429F-4B7F-9175-10F3273BDB13}.Release|Any CPU.ActiveCfg = Release|Any CPU
		{DBE41FE6-429F-4B7F-9175-10F3273BDB13}.Release|Any CPU.Build.0 = Release|Any CPU
		{DBE41FE6-429F-4B7F-9175-10F3273BDB13}.Release|x64.ActiveCfg = Release|Any CPU
		{DBE41FE6-429F-4B7F-9175-10F3273BDB13}.Release|x64.Build.0 = Release|Any CPU
		{DBE41FE6-429F-4B7F-9175-10F3273BDB13}.Release|x86.ActiveCfg = Release|Any CPU
		{DBE41FE6-429F-4B7F-9175-10F3273BDB13}.Release|x86.Build.0 = Release|Any CPU
		{C798C849-9225-4D43-809E-A038ECD0D7F2}.Debug|Any CPU.ActiveCfg = Debug|Any CPU
		{C798C849-9225-4D43-809E-A038ECD0D7F2}.Debug|Any CPU.Build.0 = Debug|Any CPU
		{C798C849-9225-4D43-809E-A038ECD0D7F2}.Debug|x64.ActiveCfg = Debug|Any CPU
		{C798C849-9225-4D43-809E-A038ECD0D7F2}.Debug|x64.Build.0 = Debug|Any CPU
		{C798C849-9225-4D43-809E-A038ECD0D7F2}.Debug|x86.ActiveCfg = Debug|Any CPU
		{C798C849-9225-4D43-809E-A038ECD0D7F2}.Debug|x86.Build.0 = Debug|Any CPU
		{C798C849-9225-4D43-809E-A038ECD0D7F2}.Release|Any CPU.ActiveCfg = Release|Any CPU
		{C798C849-9225-4D43-809E-A038ECD0D7F2}.Release|Any CPU.Build.0 = Release|Any CPU
		{C798C849-9225-4D43-809E-A038ECD0D7F2}.Release|x64.ActiveCfg = Release|Any CPU
		{C798C849-9225-4D43-809E-A038ECD0D7F2}.Release|x64.Build.0 = Release|Any CPU
		{C798C849-9225-4D43-809E-A038ECD0D7F2}.Release|x86.ActiveCfg = Release|Any CPU
		{C798C849-9225-4D43-809E-A038ECD0D7F2}.Release|x86.Build.0 = Release|Any CPU
		{C7E323FB-7FC8-413A-A556-F68E51527D52}.Debug|Any CPU.ActiveCfg = Debug|Any CPU
		{C7E323FB-7FC8-413A-A556-F68E51527D52}.Debug|Any CPU.Build.0 = Debug|Any CPU
		{C7E323FB-7FC8-413A-A556-F68E51527D52}.Debug|x64.ActiveCfg = Debug|Any CPU
		{C7E323FB-7FC8-413A-A556-F68E51527D52}.Debug|x64.Build.0 = Debug|Any CPU
		{C7E323FB-7FC8-413A-A556-F68E51527D52}.Debug|x86.ActiveCfg = Debug|Any CPU
		{C7E323FB-7FC8-413A-A556-F68E51527D52}.Debug|x86.Build.0 = Debug|Any CPU
		{C7E323FB-7FC8-413A-A556-F68E51527D52}.Release|Any CPU.ActiveCfg = Release|Any CPU
		{C7E323FB-7FC8-413A-A556-F68E51527D52}.Release|Any CPU.Build.0 = Release|Any CPU
		{C7E323FB-7FC8-413A-A556-F68E51527D52}.Release|x64.ActiveCfg = Release|Any CPU
		{C7E323FB-7FC8-413A-A556-F68E51527D52}.Release|x64.Build.0 = Release|Any CPU
		{C7E323FB-7FC8-413A-A556-F68E51527D52}.Release|x86.ActiveCfg = Release|Any CPU
		{C7E323FB-7FC8-413A-A556-F68E51527D52}.Release|x86.Build.0 = Release|Any CPU
	EndGlobalSection
	GlobalSection(SolutionProperties) = preSolution
		HideSolutionNode = FALSE
	EndGlobalSection
	GlobalSection(NestedProjects) = preSolution
		{33243B34-5D08-42C5-80B7-EDEB5476032B} = {827E0CD3-B72D-47B6-A68D-7590B98EB39B}
		{510A211C-A17E-4875-9D04-8FB11851D485} = {827E0CD3-B72D-47B6-A68D-7590B98EB39B}
		{DBE41FE6-429F-4B7F-9175-10F3273BDB13} = {827E0CD3-B72D-47B6-A68D-7590B98EB39B}
		{C798C849-9225-4D43-809E-A038ECD0D7F2} = {827E0CD3-B72D-47B6-A68D-7590B98EB39B}
		{C7E323FB-7FC8-413A-A556-F68E51527D52} = {0AB3BF05-4346-4AA6-1389-037BE0695223}
	EndGlobalSection
	GlobalSection(ExtensibilityGlobals) = postSolution
		SolutionGuid = {64195061-6326-41A5-9847-C45162969F10}
	EndGlobalSection
EndGlobal
