
Microsoft Visual Studio Solution File, Format Version 12.00
# Visual Studio Version 17
VisualStudioVersion = 17.0.31903.59
MinimumVisualStudioVersion = 10.0.40219.1
Project("{2150E333-8FDC-42A3-9474-1A3956D46DE8}") = "src", "src", "{827E0CD3-B72D-47B6-A68D-7590B98EB39B}"
EndProject
Project("{FAE04EC0-301F-11D3-BF4B-00C04F79EFBC}") = "PetAdopt.Domain", "src\PetAdopt.Domain\PetAdopt.Domain.csproj", "{C53280A5-DC4A-47D1-AF71-D3ED93784CCB}"
EndProject
Project("{FAE04EC0-301F-11D3-BF4B-00C04F79EFBC}") = "PetAdopt.Data", "src\PetAdopt.Data\PetAdopt.Data.csproj", "{38FD733F-C692-4E55-81CB-6FEB91C6E62E}"
EndProject
Project("{FAE04EC0-301F-11D3-BF4B-00C04F79EFBC}") = "PetAdopt.Application", "src\PetAdopt.Application\PetAdopt.Application.csproj", "{5EC57F01-5E07-4490-A498-BBE07F405E91}"
EndProject
Project("{FAE04EC0-301F-11D3-BF4B-00C04F79EFBC}") = "PetAdopt.Web", "src\PetAdopt.Web\PetAdopt.Web.csproj", "{93ED33F3-A2E1-43E8-9167-47849053F233}"
EndProject
Project("{2150E333-8FDC-42A3-9474-1A3956D46DE8}") = "tests", "tests", "{0AB3BF05-4346-4AA6-1389-037BE0695223}"
EndProject
Project("{FAE04EC0-301F-11D3-BF4B-00C04F79EFBC}") = "PetAdopt.Tests", "tests\PetAdopt.Tests\PetAdopt.Tests.csproj", "{18F7A5AA-88D5-4E1D-A1DA-E865E01FA8EC}"
EndProject
Global
	GlobalSection(SolutionConfigurationPlatforms) = preSolution
		Debug|Any CPU = Debug|Any CPU
		Debug|x64 = Debug|x64
		Debug|x86 = Debug|x86
		Release|Any CPU = Release|Any CPU
		Release|x64 = Release|x64
		Release|x86 = Release|x86
	EndGlobalSection
	GlobalSection(ProjectConfigurationPlatforms) = postSolution
		{C53280A5-DC4A-47D1-AF71-D3ED93784CCB}.Debug|Any CPU.ActiveCfg = Debug|Any CPU
		{C53280A5-DC4A-47D1-AF71-D3ED93784CCB}.Debug|Any CPU.Build.0 = Debug|Any CPU
		{C53280A5-DC4A-47D1-AF71-D3ED93784CCB}.Debug|x64.ActiveCfg = Debug|Any CPU
		{C53280A5-DC4A-47D1-AF71-D3ED93784CCB}.Debug|x64.Build.0 = Debug|Any CPU
		{C53280A5-DC4A-47D1-AF71-D3ED93784CCB}.Debug|x86.ActiveCfg = Debug|Any CPU
		{C53280A5-DC4A-47D1-AF71-D3ED93784CCB}.Debug|x86.Build.0 = Debug|Any CPU
		{C53280A5-DC4A-47D1-AF71-D3ED93784CCB}.Release|Any CPU.ActiveCfg = Release|Any CPU
		{C53280A5-DC4A-47D1-AF71-D3ED93784CCB}.Release|Any CPU.Build.0 = Release|Any CPU
		{C53280A5-DC4A-47D1-AF71-D3ED93784CCB}.Release|x64.ActiveCfg = Release|Any CPU
		{C53280A5-DC4A-47D1-AF71-D3ED93784CCB}.Release|x64.Build.0 = Release|Any CPU
		{C53280A5-DC4A-47D1-AF71-D3ED93784CCB}.Release|x86.ActiveCfg = Release|Any CPU
		{C53280A5-DC4A-47D1-AF71-D3ED93784CCB}.Release|x86.Build.0 = Release|Any CPU
		{38FD733F-C692-4E55-81CB-6FEB91C6E62E}.Debug|Any CPU.ActiveCfg = Debug|Any CPU
		{38FD733F-C692-4E55-81CB-6FEB91C6E62E}.Debug|Any CPU.Build.0 = Debug|Any CPU
		{38FD733F-C692-4E55-81CB-6FEB91C6E62E}.Debug|x64.ActiveCfg = Debug|Any CPU
		{38FD733F-C692-4E55-81CB-6FEB91C6E62E}.Debug|x64.Build.0 = Debug|Any CPU
		{38FD733F-C692-4E55-81CB-6FEB91C6E62E}.Debug|x86.ActiveCfg = Debug|Any CPU
		{38FD733F-C692-4E55-81CB-6FEB91C6E62E}.Debug|x86.Build.0 = Debug|Any CPU
		{38FD733F-C692-4E55-81CB-6FEB91C6E62E}.Release|Any CPU.ActiveCfg = Release|Any CPU
		{38FD733F-C692-4E55-81CB-6FEB91C6E62E}.Release|Any CPU.Build.0 = Release|Any CPU
		{38FD733F-C692-4E55-81CB-6FEB91C6E62E}.Release|x64.ActiveCfg = Release|Any CPU
		{38FD733F-C692-4E55-81CB-6FEB91C6E62E}.Release|x64.Build.0 = Release|Any CPU
		{38FD733F-C692-4E55-81CB-6FEB91C6E62E}.Release|x86.ActiveCfg = Release|Any CPU
		{38FD733F-C692-4E55-81CB-6FEB91C6E62E}.Release|x86.Build.0 = Release|Any CPU
		{5EC57F01-5E07-4490-A498-BBE07F405E91}.Debug|Any CPU.ActiveCfg = Debug|Any CPU
		{5EC57F01-5E07-4490-A498-BBE07F405E91}.Debug|Any CPU.Build.0 = Debug|Any CPU
		{5EC57F01-5E07-4490-A498-BBE07F405E91}.Debug|x64.ActiveCfg = Debug|Any CPU
		{5EC57F01-5E07-4490-A498-BBE07F405E91}.Debug|x64.Build.0 = Debug|Any CPU
		{5EC57F01-5E07-4490-A498-BBE07F405E91}.Debug|x86.ActiveCfg = Debug|Any CPU
		{5EC57F01-5E07-4490-A498-BBE07F405E91}.Debug|x86.Build.0 = Debug|Any CPU
		{5EC57F01-5E07-4490-A498-BBE07F405E91}.Release|Any CPU.ActiveCfg = Release|Any CPU
		{5EC57F01-5E07-4490-A498-BBE07F405E91}.Release|Any CPU.Build.0 = Release|Any CPU
		{5EC57F01-5E07-4490-A498-BBE07F405E91}.Release|x64.ActiveCfg = Release|Any CPU
		{5EC57F01-5E07-4490-A498-BBE07F405E91}.Release|x64.Build.0 = Release|Any CPU
		{5EC57F01-5E07-4490-A498-BBE07F405E91}.Release|x86.ActiveCfg = Release|Any CPU
		{5EC57F01-5E07-4490-A498-BBE07F405E91}.Release|x86.Build.0 = Release|Any CPU
		{93ED33F3-A2E1-43E8-9167-47849053F233}.Debug|Any CPU.ActiveCfg = Debug|Any CPU
		{93ED33F3-A2E1-43E8-9167-47849053F233}.Debug|Any CPU.Build.0 = Debug|Any CPU
		{93ED33F3-A2E1-43E8-9167-47849053F233}.Debug|x64.ActiveCfg = Debug|Any CPU
		{93ED33F3-A2E1-43E8-9167-47849053F233}.Debug|x64.Build.0 = Debug|Any CPU
		{93ED33F3-A2E1-43E8-9167-47849053F233}.Debug|x86.ActiveCfg = Debug|Any CPU
		{93ED33F3-A2E1-43E8-9167-47849053F233}.Debug|x86.Build.0 = Debug|Any CPU
		{93ED33F3-A2E1-43E8-9167-47849053F233}.Release|Any CPU.ActiveCfg = Release|Any CPU
		{93ED33F3-A2E1-43E8-9167-47849053F233}.Release|Any CPU.Build.0 = Release|Any CPU
		{93ED33F3-A2E1-43E8-9167-47849053F233}.Release|x64.ActiveCfg = Release|Any CPU
		{93ED33F3-A2E1-43E8-9167-47849053F233}.Release|x64.Build.0 = Release|Any CPU
		{93ED33F3-A2E1-43E8-9167-47849053F233}.Release|x86.ActiveCfg = Release|Any CPU
		{93ED33F3-A2E1-43E8-9167-47849053F233}.Release|x86.Build.0 = Release|Any CPU
		{18F7A5AA-88D5-4E1D-A1DA-E865E01FA8EC}.Debug|Any CPU.ActiveCfg = Debug|Any CPU
		{18F7A5AA-88D5-4E1D-A1DA-E865E01FA8EC}.Debug|Any CPU.Build.0 = Debug|Any CPU
		{18F7A5AA-88D5-4E1D-A1DA-E865E01FA8EC}.Debug|x64.ActiveCfg = Debug|Any CPU
		{18F7A5AA-88D5-4E1D-A1DA-E865E01FA8EC}.Debug|x64.Build.0 = Debug|Any CPU
		{18F7A5AA-88D5-4E1D-A1DA-E865E01FA8EC}.Debug|x86.ActiveCfg = Debug|Any CPU
		{18F7A5AA-88D5-4E1D-A1DA-E865E01FA8EC}.Debug|x86.Build.0 = Debug|Any CPU
		{18F7A5AA-88D5-4E1D-A1DA-E865E01FA8EC}.Release|Any CPU.ActiveCfg = Release|Any CPU
		{18F7A5AA-88D5-4E1D-A1DA-E865E01FA8EC}.Release|Any CPU.Build.0 = Release|Any CPU
		{18F7A5AA-88D5-4E1D-A1DA-E865E01FA8EC}.Release|x64.ActiveCfg = Release|Any CPU
		{18F7A5AA-88D5-4E1D-A1DA-E865E01FA8EC}.Release|x64.Build.0 = Release|Any CPU
		{18F7A5AA-88D5-4E1D-A1DA-E865E01FA8EC}.Release|x86.ActiveCfg = Release|Any CPU
		{18F7A5AA-88D5-4E1D-A1DA-E865E01FA8EC}.Release|x86.Build.0 = Release|Any CPU
	EndGlobalSection
	GlobalSection(SolutionProperties) = preSolution
		HideSolutionNode = FALSE
	EndGlobalSection
	GlobalSection(NestedProjects) = preSolution
		{C53280A5-DC4A-47D1-AF71-D3ED93784CCB} = {827E0CD3-B72D-47B6-A68D-7590B98EB39B}
		{38FD733F-C692-4E55-81CB-6FEB91C6E62E} = {827E0CD3-B72D-47B6-A68D-7590B98EB39B}
		{5EC57F01-5E07-4490-A498-BBE07F405E91} = {827E0CD3-B72D-47B6-A68D-7590B98EB39B}
		{93ED33F3-A2E1-43E8-9167-47849053F233} = {827E0CD3-B72D-47B6-A68D-7590B98EB39B}
		{18F7A5AA-88D5-4E1D-A1DA-E865E01FA8EC} = {0AB3BF05-4346-4AA6-1389-037BE0695223}
	EndGlobalSection
EndGlobal
